
Microsoft Visual Studio Solution File, Format Version 12.00
# Visual Studio Version 16
VisualStudioVersion = 16.0.30128.74
MinimumVisualStudioVersion = 10.0.40219.1
Project("{FAE04EC0-301F-11D3-BF4B-00C04F79EFBC}") = "Kurs.DataLayer", "Kurs.DataLayer\Kurs.DataLayer.csproj", "{5B62BB02-0714-461A-A0A0-FDC771D5A4AF}"
EndProject
Project("{FAE04EC0-301F-11D3-BF4B-00C04F79EFBC}") = "Kurs.BusinessLayer", "Kurs.BusinessLayer\Kurs.BusinessLayer.csproj", "{75CC984A-09A9-43C4-946E-732851CB5A19}"
EndProject
Project("{FAE04EC0-301F-11D3-BF4B-00C04F79EFBC}") = "Kurs", "Kurs\Kurs.csproj", "{DF2833DA-9329-43F0-B6BE-BA534EF3A31C}"
EndProject
Global
	GlobalSection(SolutionConfigurationPlatforms) = preSolution
		Debug|Any CPU = Debug|Any CPU
		Release|Any CPU = Release|Any CPU
	EndGlobalSection
	GlobalSection(ProjectConfigurationPlatforms) = postSolution
		{5B62BB02-0714-461A-A0A0-FDC771D5A4AF}.Debug|Any CPU.ActiveCfg = Debug|Any CPU
		{5B62BB02-0714-461A-A0A0-FDC771D5A4AF}.Debug|Any CPU.Build.0 = Debug|Any CPU
		{5B62BB02-0714-461A-A0A0-FDC771D5A4AF}.Release|Any CPU.ActiveCfg = Release|Any CPU
		{5B62BB02-0714-461A-A0A0-FDC771D5A4AF}.Release|Any CPU.Build.0 = Release|Any CPU
		{75CC984A-09A9-43C4-946E-732851CB5A19}.Debug|Any CPU.ActiveCfg = Debug|Any CPU
		{75CC984A-09A9-43C4-946E-732851CB5A19}.Debug|Any CPU.Build.0 = Debug|Any CPU
		{75CC984A-09A9-43C4-946E-732851CB5A19}.Release|Any CPU.ActiveCfg = Release|Any CPU
		{75CC984A-09A9-43C4-946E-732851CB5A19}.Release|Any CPU.Build.0 = Release|Any CPU
		{DF2833DA-9329-43F0-B6BE-BA534EF3A31C}.Debug|Any CPU.ActiveCfg = Debug|Any CPU
		{DF2833DA-9329-43F0-B6BE-BA534EF3A31C}.Debug|Any CPU.Build.0 = Debug|Any CPU
		{DF2833DA-9329-43F0-B6BE-BA534EF3A31C}.Release|Any CPU.ActiveCfg = Release|Any CPU
		{DF2833DA-9329-43F0-B6BE-BA534EF3A31C}.Release|Any CPU.Build.0 = Release|Any CPU
	EndGlobalSection
	GlobalSection(SolutionProperties) = preSolution
		HideSolutionNode = FALSE
	EndGlobalSection
	GlobalSection(ExtensibilityGlobals) = postSolution
		SolutionGuid = {A5715989-5EFA-4E99-A398-F655F7B15313}
	EndGlobalSection
EndGlobal
